
Microsoft Visual Studio Solution File, Format Version 12.00
# Visual Studio Version 17
VisualStudioVersion = 17.0.31903.59
MinimumVisualStudioVersion = 10.0.40219.1
Project("{FAE04EC0-301F-11D3-BF4B-00C04F79EFBC}") = "Ursa", "Ursa\Ursa.csproj", "{0772A1EC-39BB-459E-9A25-F3996A199D57}"
EndProject
Project("{FAE04EC0-301F-11D3-BF4B-00C04F79EFBC}") = "Ursa.Tests", "Ursa.Tests\Ursa.Tests.csproj", "{F4C81039-E242-4445-93D6-3B66ECC35254}"
EndProject
Global
	GlobalSection(SolutionConfigurationPlatforms) = preSolution
		Debug|Any CPU = Debug|Any CPU
		Release|Any CPU = Release|Any CPU
	EndGlobalSection
	GlobalSection(SolutionProperties) = preSolution
		HideSolutionNode = FALSE
	EndGlobalSection
	GlobalSection(ProjectConfigurationPlatforms) = postSolution
		{0772A1EC-39BB-459E-9A25-F3996A199D57}.Debug|Any CPU.ActiveCfg = Debug|Any CPU
		{0772A1EC-39BB-459E-9A25-F3996A199D57}.Debug|Any CPU.Build.0 = Debug|Any CPU
		{0772A1EC-39BB-459E-9A25-F3996A199D57}.Release|Any CPU.ActiveCfg = Release|Any CPU
		{0772A1EC-39BB-459E-9A25-F3996A199D57}.Release|Any CPU.Build.0 = Release|Any CPU
		{F4C81039-E242-4445-93D6-3B66ECC35254}.Debug|Any CPU.ActiveCfg = Debug|Any CPU
		{F4C81039-E242-4445-93D6-3B66ECC35254}.Debug|Any CPU.Build.0 = Debug|Any CPU
		{F4C81039-E242-4445-93D6-3B66ECC35254}.Release|Any CPU.ActiveCfg = Release|Any CPU
		{F4C81039-E242-4445-93D6-3B66ECC35254}.Release|Any CPU.Build.0 = Release|Any CPU
	EndGlobalSection
EndGlobal
